{
  "requires": true,
  "lockfileVersion": 1,
  "dependencies": {
    "date-fns": {
      "version": "2.15.0",
      "resolved": "https://registry.npmjs.org/date-fns/-/date-fns-2.15.0.tgz",
      "integrity": "sha512-ZCPzAMJZn3rNUvvQIMlXhDr4A+Ar07eLeGsGREoWU19a3Pqf5oYa+ccd+B3F6XVtQY6HANMFdOQ8A+ipFnvJdQ=="
    },
    "vue": {
      "version": "2.6.11",
      "resolved": "https://registry.npmjs.org/vue/-/vue-2.6.11.tgz",
      "integrity": "sha512-VfPwgcGABbGAue9+sfrD4PuwFar7gPb1yl1UK1MwXoQPAw0BKSqWfoYCT/ThFrdEVWoI51dBuyCoiNU9bZDZxQ=="
    },
    "vuetify": {
      "version": "2.3.5",
      "resolved": "https://registry.npmjs.org/vuetify/-/vuetify-2.3.5.tgz",
      "integrity": "sha512-S1DN+Ct3z/Os77CUORmiN2Q802KmjcJnW5ZtKVTevB+ojGEM9BdAiUuUp7nOWeuv/Zc/LnhCP9M3DWHVscPsPA=="
    },
    "vuetify-datetime-picker": {
      "version": "2.1.1",
      "resolved": "https://registry.npmjs.org/vuetify-datetime-picker/-/vuetify-datetime-picker-2.1.1.tgz",
      "integrity": "sha512-xY3YCVNxoe/5Chbm7G2BXrkg12CWLWwnDJZdhNPVKe1p8S72H8NomYOB6SSBzMMEHisRGIRzAQTDwDfDU06x/Q==",
      "requires": {
        "date-fns": "^2.1.0",
        "vue": "^2.6.10",
        "vuetify": "^2.1.3"
      }
    }
  }
}
